// !$*UTF8*$!
{
	archiveVersion = 1;
	classes = {
	};
	objectVersion = 50;
	objects = {

/* Begin PBXBuildFile section */
		A613FF352518CD4C003EEF72 /* AppDelegate.swift in Sources */ = {isa = PBXBuildFile; fileRef = A613FF342518CD4C003EEF72 /* AppDelegate.swift */; };
		A613FF372518CD4C003EEF72 /* SceneDelegate.swift in Sources */ = {isa = PBXBuildFile; fileRef = A613FF362518CD4C003EEF72 /* SceneDelegate.swift */; };
		A613FF392518CD4C003EEF72 /* ViewController.swift in Sources */ = {isa = PBXBuildFile; fileRef = A613FF382518CD4C003EEF72 /* ViewController.swift */; };
		A613FF3C2518CD4C003EEF72 /* Main.storyboard in Resources */ = {isa = PBXBuildFile; fileRef = A613FF3A2518CD4C003EEF72 /* Main.storyboard */; };
		A613FF3E2518CD4E003EEF72 /* Assets.xcassets in Resources */ = {isa = PBXBuildFile; fileRef = A613FF3D2518CD4E003EEF72 /* Assets.xcassets */; };
		A613FF412518CD4E003EEF72 /* LaunchScreen.storyboard in Resources */ = {isa = PBXBuildFile; fileRef = A613FF3F2518CD4E003EEF72 /* LaunchScreen.storyboard */; };
		A613FF4925194216003EEF72 /* Constants.swift in Sources */ = {isa = PBXBuildFile; fileRef = A613FF4825194216003EEF72 /* Constants.swift */; };
		A613FF4B2519445E003EEF72 /* Video.swift in Sources */ = {isa = PBXBuildFile; fileRef = A613FF4A2519445E003EEF72 /* Video.swift */; };
		A613FF4D251944D7003EEF72 /* NetworkManager.swift in Sources */ = {isa = PBXBuildFile; fileRef = A613FF4C251944D7003EEF72 /* NetworkManager.swift */; };
/* End PBXBuildFile section */

/* Begin PBXFileReference section */
		A613FF312518CD4C003EEF72 /* MyYouTubeApp.app */ = {isa = PBXFileReference; explicitFileType = wrapper.application; includeInIndex = 0; path = MyYouTubeApp.app; sourceTree = BUILT_PRODUCTS_DIR; };
		A613FF342518CD4C003EEF72 /* AppDelegate.swift */ = {isa = PBXFileReference; lastKnownFileType = sourcecode.swift; path = AppDelegate.swift; sourceTree = "<group>"; };
		A613FF362518CD4C003EEF72 /* SceneDelegate.swift */ = {isa = PBXFileReference; lastKnownFileType = sourcecode.swift; path = SceneDelegate.swift; sourceTree = "<group>"; };
		A613FF382518CD4C003EEF72 /* ViewController.swift */ = {isa = PBXFileReference; lastKnownFileType = sourcecode.swift; path = ViewController.swift; sourceTree = "<group>"; };
		A613FF3B2518CD4C003EEF72 /* Base */ = {isa = PBXFileReference; lastKnownFileType = file.storyboard; name = Base; path = Base.lproj/Main.storyboard; sourceTree = "<group>"; };
		A613FF3D2518CD4E003EEF72 /* Assets.xcassets */ = {isa = PBXFileReference; lastKnownFileType = folder.assetcatalog; path = Assets.xcassets; sourceTree = "<group>"; };
		A613FF402518CD4E003EEF72 /* Base */ = {isa = PBXFileReference; lastKnownFileType = file.storyboard; name = Base; path = Base.lproj/LaunchScreen.storyboard; sourceTree = "<group>"; };
		A613FF422518CD4E003EEF72 /* Info.plist */ = {isa = PBXFileReference; lastKnownFileType = text.plist.xml; path = Info.plist; sourceTree = "<group>"; };
		A613FF4825194216003EEF72 /* Constants.swift */ = {isa = PBXFileReference; lastKnownFileType = sourcecode.swift; path = Constants.swift; sourceTree = "<group>"; };
		A613FF4A2519445E003EEF72 /* Video.swift */ = {isa = PBXFileReference; lastKnownFileType = sourcecode.swift; path = Video.swift; sourceTree = "<group>"; };
		A613FF4C251944D7003EEF72 /* NetworkManager.swift */ = {isa = PBXFileReference; lastKnownFileType = sourcecode.swift; path = NetworkManager.swift; sourceTree = "<group>"; };
/* End PBXFileReference section */

/* Begin PBXFrameworksBuildPhase section */
		A613FF2E2518CD4C003EEF72 /* Frameworks */ = {
			isa = PBXFrameworksBuildPhase;
			buildActionMask = 2147483647;
			files = (
			);
			runOnlyForDeploymentPostprocessing = 0;
		};
/* End PBXFrameworksBuildPhase section */

/* Begin PBXGroup section */
		A613FF282518CD4C003EEF72 = {
			isa = PBXGroup;
			children = (
				A613FF332518CD4C003EEF72 /* MyYouTubeApp */,
				A613FF322518CD4C003EEF72 /* Products */,
			);
			sourceTree = "<group>";
		};
		A613FF322518CD4C003EEF72 /* Products */ = {
			isa = PBXGroup;
			children = (
				A613FF312518CD4C003EEF72 /* MyYouTubeApp.app */,
			);
			name = Products;
			sourceTree = "<group>";
		};
		A613FF332518CD4C003EEF72 /* MyYouTubeApp */ = {
			isa = PBXGroup;
			children = (
				A613FF342518CD4C003EEF72 /* AppDelegate.swift */,
				A613FF362518CD4C003EEF72 /* SceneDelegate.swift */,
				A613FF382518CD4C003EEF72 /* ViewController.swift */,
				A613FF3A2518CD4C003EEF72 /* Main.storyboard */,
				A613FF3D2518CD4E003EEF72 /* Assets.xcassets */,
				A613FF3F2518CD4E003EEF72 /* LaunchScreen.storyboard */,
				A613FF422518CD4E003EEF72 /* Info.plist */,
				A613FF4825194216003EEF72 /* Constants.swift */,
				A613FF4A2519445E003EEF72 /* Video.swift */,
				A613FF4C251944D7003EEF72 /* NetworkManager.swift */,
			);
			path = MyYouTubeApp;
			sourceTree = "<group>";
		};
/* End PBXGroup section */

/* Begin PBXNativeTarget section */
		A613FF302518CD4C003EEF72 /* MyYouTubeApp */ = {
			isa = PBXNativeTarget;
			buildConfigurationList = A613FF452518CD4E003EEF72 /* Build configuration list for PBXNativeTarget "MyYouTubeApp" */;
			buildPhases = (
				A613FF2D2518CD4C003EEF72 /* Sources */,
				A613FF2E2518CD4C003EEF72 /* Frameworks */,
				A613FF2F2518CD4C003EEF72 /* Resources */,
			);
			buildRules = (
			);
			dependencies = (
			);
			name = MyYouTubeApp;
			productName = MyYouTubeApp;
			productReference = A613FF312518CD4C003EEF72 /* MyYouTubeApp.app */;
			productType = "com.apple.product-type.application";
		};
/* End PBXNativeTarget section */

/* Begin PBXProject section */
		A613FF292518CD4C003EEF72 /* Project object */ = {
			isa = PBXProject;
			attributes = {
				LastSwiftUpdateCheck = 1160;
				LastUpgradeCheck = 1160;
				ORGANIZATIONNAME = "Manish Tard";
				TargetAttributes = {
					A613FF302518CD4C003EEF72 = {
						CreatedOnToolsVersion = 11.6;
					};
				};
			};
			buildConfigurationList = A613FF2C2518CD4C003EEF72 /* Build configuration list for PBXProject "MyYouTubeApp" */;
			compatibilityVersion = "Xcode 9.3";
			developmentRegion = en;
			hasScannedForEncodings = 0;
			knownRegions = (
				en,
				Base,
			);
			mainGroup = A613FF282518CD4C003EEF72;
			productRefGroup = A613FF322518CD4C003EEF72 /* Products */;
			projectDirPath = "";
			projectRoot = "";
			targets = (
				A613FF302518CD4C003EEF72 /* MyYouTubeApp */,
			);
		};
/* End PBXProject section */

/* Begin PBXResourcesBuildPhase section */
		A613FF2F2518CD4C003EEF72 /* Resources */ = {
			isa = PBXResourcesBuildPhase;
			buildActionMask = 2147483647;
			files = (
				A613FF412518CD4E003EEF72 /* LaunchScreen.storyboard in Resources */,
				A613FF3E2518CD4E003EEF72 /* Assets.xcassets in Resources */,
				A613FF3C2518CD4C003EEF72 /* Main.storyboard in Resources */,
			);
			runOnlyForDeploymentPostprocessing = 0;
		};
/* End PBXResourcesBuildPhase section */

/* Begin PBXSourcesBuildPhase section */
		A613FF2D2518CD4C003EEF72 /* Sources */ = {
			isa = PBXSourcesBuildPhase;
			buildActionMask = 2147483647;
			files = (
				A613FF4D251944D7003EEF72 /* NetworkManager.swift in Sources */,
				A613FF392518CD4C003EEF72 /* ViewController.swift in Sources */,
				A613FF352518CD4C003EEF72 /* AppDelegate.swift in Sources */,
				A613FF372518CD4C003EEF72 /* SceneDelegate.swift in Sources */,
				A613FF4925194216003EEF72 /* Constants.swift in Sources */,
				A613FF4B2519445E003EEF72 /* Video.swift in Sources */,
			);
			runOnlyForDeploymentPostprocessing = 0;
		};
/* End PBXSourcesBuildPhase section */

/* Begin PBXVariantGroup section */
		A613FF3A2518CD4C003EEF72 /* Main.storyboard */ = {
			isa = PBXVariantGroup;
			children = (
				A613FF3B2518CD4C003EEF72 /* Base */,
			);
			name = Main.storyboard;
			sourceTree = "<group>";
		};
		A613FF3F2518CD4E003EEF72 /* LaunchScreen.storyboard */ = {
			isa = PBXVariantGroup;
			children = (
				A613FF402518CD4E003EEF72 /* Base */,
			);
			name = LaunchScreen.storyboard;
			sourceTree = "<group>";
		};
/* End PBXVariantGroup section */

/* Begin XCBuildConfiguration section */
		A613FF432518CD4E003EEF72 /* Debug */ = {
			isa = XCBuildConfiguration;
			buildSettings = {
				ALWAYS_SEARCH_USER_PATHS = NO;
				CLANG_ANALYZER_NONNULL = YES;
				CLANG_ANALYZER_NUMBER_OBJECT_CONVERSION = YES_AGGRESSIVE;
				CLANG_CXX_LANGUAGE_STANDARD = "gnu++14";
				CLANG_CXX_LIBRARY = "libc++";
				CLANG_ENABLE_MODULES = YES;
				CLANG_ENABLE_OBJC_ARC = YES;
				CLANG_ENABLE_OBJC_WEAK = YES;
				CLANG_WARN_BLOCK_CAPTURE_AUTORELEASING = YES;
				CLANG_WARN_BOOL_CONVERSION = YES;
				CLANG_WARN_COMMA = YES;
				CLANG_WARN_CONSTANT_CONVERSION = YES;
				CLANG_WARN_DEPRECATED_OBJC_IMPLEMENTATIONS = YES;
				CLANG_WARN_DIRECT_OBJC_ISA_USAGE = YES_ERROR;
				CLANG_WARN_DOCUMENTATION_COMMENTS = YES;
				CLANG_WARN_EMPTY_BODY = YES;
				CLANG_WARN_ENUM_CONVERSION = YES;
				CLANG_WARN_INFINITE_RECURSION = YES;
				CLANG_WARN_INT_CONVERSION = YES;
				CLANG_WARN_NON_LITERAL_NULL_CONVERSION = YES;
				CLANG_WARN_OBJC_IMPLICIT_RETAIN_SELF = YES;
				CLANG_WARN_OBJC_LITERAL_CONVERSION = YES;
				CLANG_WARN_OBJC_ROOT_CLASS = YES_ERROR;
				CLANG_WARN_RANGE_LOOP_ANALYSIS = YES;
				CLANG_WARN_STRICT_PROTOTYPES = YES;
				CLANG_WARN_SUSPICIOUS_MOVE = YES;
				CLANG_WARN_UNGUARDED_AVAILABILITY = YES_AGGRESSIVE;
				CLANG_WARN_UNREACHABLE_CODE = YES;
				CLANG_WARN__DUPLICATE_METHOD_MATCH = YES;
				COPY_PHASE_STRIP = NO;
				DEBUG_INFORMATION_FORMAT = dwarf;
				ENABLE_STRICT_OBJC_MSGSEND = YES;
				ENABLE_TESTABILITY = YES;
				GCC_C_LANGUAGE_STANDARD = gnu11;
				GCC_DYNAMIC_NO_PIC = NO;
				GCC_NO_COMMON_BLOCKS = YES;
				GCC_OPTIMIZATION_LEVEL = 0;
				GCC_PREPROCESSOR_DEFINITIONS = (
					"DEBUG=1",
					"$(inherited)",
				);
				GCC_WARN_64_TO_32_BIT_CONVERSION = YES;
				GCC_WARN_ABOUT_RETURN_TYPE = YES_ERROR;
				GCC_WARN_UNDECLARED_SELECTOR = YES;
				GCC_WARN_UNINITIALIZED_AUTOS = YES_AGGRESSIVE;
				GCC_WARN_UNUSED_FUNCTION = YES;
				GCC_WARN_UNUSED_VARIABLE = YES;
				IPHONEOS_DEPLOYMENT_TARGET = 13.6;
				MTL_ENABLE_DEBUG_INFO = INCLUDE_SOURCE;
				MTL_FAST_MATH = YES;
				ONLY_ACTIVE_ARCH = YES;
				SDKROOT = iphoneos;
				SWIFT_ACTIVE_COMPILATION_CONDITIONS = DEBUG;
				SWIFT_OPTIMIZATION_LEVEL = "-Onone";
			};
			name = Debug;
		};
		A613FF442518CD4E003EEF72 /* Release */ = {
			isa = XCBuildConfiguration;
			buildSettings = {
				ALWAYS_SEARCH_USER_PATHS = NO;
				CLANG_ANALYZER_NONNULL = YES;
				CLANG_ANALYZER_NUMBER_OBJECT_CONVERSION = YES_AGGRESSIVE;
				CLANG_CXX_LANGUAGE_STANDARD = "gnu++14";
				CLANG_CXX_LIBRARY = "libc++";
				CLANG_ENABLE_MODULES = YES;
				CLANG_ENABLE_OBJC_ARC = YES;
				CLANG_ENABLE_OBJC_WEAK = YES;
				CLANG_WARN_BLOCK_CAPTURE_AUTORELEASING = YES;
				CLANG_WARN_BOOL_CONVERSION = YES;
				CLANG_WARN_COMMA = YES;
				CLANG_WARN_CONSTANT_CONVERSION = YES;
				CLANG_WARN_DEPRECATED_OBJC_IMPLEMENTATIONS = YES;
				CLANG_WARN_DIRECT_OBJC_ISA_USAGE = YES_ERROR;
				CLANG_WARN_DOCUMENTATION_COMMENTS = YES;
				CLANG_WARN_EMPTY_BODY = YES;
				CLANG_WARN_ENUM_CONVERSION = YES;
				CLANG_WARN_INFINITE_RECURSION = YES;
				CLANG_WARN_INT_CONVERSION = YES;
				CLANG_WARN_NON_LITERAL_NULL_CONVERSION = YES;
				CLANG_WARN_OBJC_IMPLICIT_RETAIN_SELF = YES;
				CLANG_WARN_OBJC_LITERAL_CONVERSION = YES;
				CLANG_WARN_OBJC_ROOT_CLASS = YES_ERROR;
				CLANG_WARN_RANGE_LOOP_ANALYSIS = YES;
				CLANG_WARN_STRICT_PROTOTYPES = YES;
				CLANG_WARN_SUSPICIOUS_MOVE = YES;
				CLANG_WARN_UNGUARDED_AVAILABILITY = YES_AGGRESSIVE;
				CLANG_WARN_UNREACHABLE_CODE = YES;
				CLANG_WARN__DUPLICATE_METHOD_MATCH = YES;
				COPY_PHASE_STRIP = NO;
				DEBUG_INFORMATION_FORMAT = "dwarf-with-dsym";
				ENABLE_NS_ASSERTIONS = NO;
				ENABLE_STRICT_OBJC_MSGSEND = YES;
				GCC_C_LANGUAGE_STANDARD = gnu11;
				GCC_NO_COMMON_BLOCKS = YES;
				GCC_WARN_64_TO_32_BIT_CONVERSION = YES;
				GCC_WARN_ABOUT_RETURN_TYPE = YES_ERROR;
				GCC_WARN_UNDECLARED_SELECTOR = YES;
				GCC_WARN_UNINITIALIZED_AUTOS = YES_AGGRESSIVE;
				GCC_WARN_UNUSED_FUNCTION = YES;
				GCC_WARN_UNUSED_VARIABLE = YES;
				IPHONEOS_DEPLOYMENT_TARGET = 13.6;
				MTL_ENABLE_DEBUG_INFO = NO;
				MTL_FAST_MATH = YES;
				SDKROOT = iphoneos;
				SWIFT_COMPILATION_MODE = wholemodule;
				SWIFT_OPTIMIZATION_LEVEL = "-O";
				VALIDATE_PRODUCT = YES;
			};
			name = Release;
		};
		A613FF462518CD4E003EEF72 /* Debug */ = {
			isa = XCBuildConfiguration;
			buildSettings = {
				ASSETCATALOG_COMPILER_APPICON_NAME = AppIcon;
				CODE_SIGN_STYLE = Automatic;
				INFOPLIST_FILE = MyYouTubeApp/Info.plist;
				LD_RUNPATH_SEARCH_PATHS = (
					"$(inherited)",
					"@executable_path/Frameworks",
				);
				PRODUCT_BUNDLE_IDENTIFIER = com.tard.MyYouTubeApp;
				PRODUCT_NAME = "$(TARGET_NAME)";
				SWIFT_VERSION = 5.0;
				TARGETED_DEVICE_FAMILY = "1,2";
			};
			name = Debug;
		};
		A613FF472518CD4E003EEF72 /* Release */ = {
			isa = XCBuildConfiguration;
			buildSettings = {
				ASSETCATALOG_COMPILER_APPICON_NAME = AppIcon;
				CODE_SIGN_STYLE = Automatic;
				INFOPLIST_FILE = MyYouTubeApp/Info.plist;
				LD_RUNPATH_SEARCH_PATHS = (
					"$(inherited)",
					"@executable_path/Frameworks",
				);
				PRODUCT_BUNDLE_IDENTIFIER = com.tard.MyYouTubeApp;
				PRODUCT_NAME = "$(TARGET_NAME)";
				SWIFT_VERSION = 5.0;
				TARGETED_DEVICE_FAMILY = "1,2";
			};
			name = Release;
		};
/* End XCBuildConfiguration section */

/* Begin XCConfigurationList section */
		A613FF2C2518CD4C003EEF72 /* Build configuration list for PBXProject "MyYouTubeApp" */ = {
			isa = XCConfigurationList;
			buildConfigurations = (
				A613FF432518CD4E003EEF72 /* Debug */,
				A613FF442518CD4E003EEF72 /* Release */,
			);
			defaultConfigurationIsVisible = 0;
			defaultConfigurationName = Release;
		};
		A613FF452518CD4E003EEF72 /* Build configuration list for PBXNativeTarget "MyYouTubeApp" */ = {
			isa = XCConfigurationList;
			buildConfigurations = (
				A613FF462518CD4E003EEF72 /* Debug */,
				A613FF472518CD4E003EEF72 /* Release */,
			);
			defaultConfigurationIsVisible = 0;
			defaultConfigurationName = Release;
		};
/* End XCConfigurationList section */
	};
	rootObject = A613FF292518CD4C003EEF72 /* Project object */;
}
